
Microsoft Visual Studio Solution File, Format Version 12.00
# Visual Studio Version 17
VisualStudioVersion = 17.6.33723.286
MinimumVisualStudioVersion = 10.0.40219.1
Project("{8BC9CEB8-8B4A-11D0-8D11-00A0C91BC942}") = "Boost_Template", "Boost_Template.vcxproj", "{D044CAA1-2100-473C-9C31-A91EE562B953}"
EndProject
Global
	GlobalSection(SolutionConfigurationPlatforms) = preSolution
		Debug|x64 = Debug|x64
		Release|x64 = Release|x64
	EndGlobalSection
	GlobalSection(ProjectConfigurationPlatforms) = postSolution
		{D044CAA1-2100-473C-9C31-A91EE562B953}.Debug|x64.ActiveCfg = Debug|x64
		{D044CAA1-2100-473C-9C31-A91EE562B953}.Debug|x64.Build.0 = Debug|x64
		{D044CAA1-2100-473C-9C31-A91EE562B953}.Release|x64.ActiveCfg = Release|x64
		{D044CAA1-2100-473C-9C31-A91EE562B953}.Release|x64.Build.0 = Release|x64
	EndGlobalSection
	GlobalSection(SolutionProperties) = preSolution
		HideSolutionNode = FALSE
	EndGlobalSection
	GlobalSection(ExtensibilityGlobals) = postSolution
		SolutionGuid = {CD128DFC-9729-40AF-82CD-8FF9FB510FCA}
	EndGlobalSection
EndGlobal
